
Microsoft Visual Studio Solution File, Format Version 12.00
# Visual Studio 14
VisualStudioVersion = 14.0.23107.0
MinimumVisualStudioVersion = 10.0.40219.1
Project("{FAE04EC0-301F-11D3-BF4B-00C04F79EFBC}") = "SinzkPeek", "SinzkPeek\SinzkPeek.csproj", "{0CCA5EF4-DA92-4834-9D67-9A038D0BA15D}"
EndProject
Global
	GlobalSection(SolutionConfigurationPlatforms) = preSolution
		Debug|Any CPU = Debug|Any CPU
		Release|Any CPU = Release|Any CPU
	EndGlobalSection
	GlobalSection(ProjectConfigurationPlatforms) = postSolution
		{0CCA5EF4-DA92-4834-9D67-9A038D0BA15D}.Debug|Any CPU.ActiveCfg = Debug|Any CPU
		{0CCA5EF4-DA92-4834-9D67-9A038D0BA15D}.Debug|Any CPU.Build.0 = Debug|Any CPU
		{0CCA5EF4-DA92-4834-9D67-9A038D0BA15D}.Release|Any CPU.ActiveCfg = Release|Any CPU
		{0CCA5EF4-DA92-4834-9D67-9A038D0BA15D}.Release|Any CPU.Build.0 = Release|Any CPU
	EndGlobalSection
	GlobalSection(SolutionProperties) = preSolution
		HideSolutionNode = FALSE
	EndGlobalSection
EndGlobal
